// !$*UTF8*$!
{
	archiveVersion = 1;
	classes = {
	};
	objectVersion = 55;
	objects = {

/* Begin PBXBuildFile section */
		AC5C43AE2840903600BCD35C /* SceneDelegate.swift in Sources */ = {isa = PBXBuildFile; fileRef = AC5C43AD2840903600BCD35C /* SceneDelegate.swift */; };
		AC5C43B32840903600BCD35C /* Main.storyboard in Resources */ = {isa = PBXBuildFile; fileRef = AC5C43B12840903600BCD35C /* Main.storyboard */; };
		AC5C43B52840903700BCD35C /* Assets.xcassets in Resources */ = {isa = PBXBuildFile; fileRef = AC5C43B42840903700BCD35C /* Assets.xcassets */; };
		AC5C43B82840903700BCD35C /* LaunchScreen.storyboard in Resources */ = {isa = PBXBuildFile; fileRef = AC5C43B62840903700BCD35C /* LaunchScreen.storyboard */; };
		AC5C43C32840903800BCD35C /* pogodaTests.swift in Sources */ = {isa = PBXBuildFile; fileRef = AC5C43C22840903800BCD35C /* pogodaTests.swift */; };
		AC5C43CD2840903800BCD35C /* pogodaUITests.swift in Sources */ = {isa = PBXBuildFile; fileRef = AC5C43CC2840903800BCD35C /* pogodaUITests.swift */; };
		AC5C43CF2840903800BCD35C /* pogodaUITestsLaunchTests.swift in Sources */ = {isa = PBXBuildFile; fileRef = AC5C43CE2840903800BCD35C /* pogodaUITestsLaunchTests.swift */; };
		AC5C43DC2840919000BCD35C /* DataSource.swift in Sources */ = {isa = PBXBuildFile; fileRef = AC5C43DB2840919000BCD35C /* DataSource.swift */; };
		AC5C43DE28409AA000BCD35C /* DataModels.swift in Sources */ = {isa = PBXBuildFile; fileRef = AC5C43DD28409AA000BCD35C /* DataModels.swift */; };
		AC5C44212840AB3C00BCD35C /* ViewController.swift in Sources */ = {isa = PBXBuildFile; fileRef = AC5C43AF2840903600BCD35C /* ViewController.swift */; };
		AC5C44242840AFE900BCD35C /* AppDelegate.swift in Sources */ = {isa = PBXBuildFile; fileRef = AC5C43AB2840903600BCD35C /* AppDelegate.swift */; };
/* End PBXBuildFile section */

/* Begin PBXContainerItemProxy section */
		AC5C43BF2840903800BCD35C /* PBXContainerItemProxy */ = {
			isa = PBXContainerItemProxy;
			containerPortal = AC5C43A02840903600BCD35C /* Project object */;
			proxyType = 1;
			remoteGlobalIDString = AC5C43A72840903600BCD35C;
			remoteInfo = pogoda;
		};
		AC5C43C92840903800BCD35C /* PBXContainerItemProxy */ = {
			isa = PBXContainerItemProxy;
			containerPortal = AC5C43A02840903600BCD35C /* Project object */;
			proxyType = 1;
			remoteGlobalIDString = AC5C43A72840903600BCD35C;
			remoteInfo = pogoda;
		};
/* End PBXContainerItemProxy section */

/* Begin PBXFileReference section */
		AC5C43A82840903600BCD35C /* pogoda.app */ = {isa = PBXFileReference; explicitFileType = wrapper.application; includeInIndex = 0; path = pogoda.app; sourceTree = BUILT_PRODUCTS_DIR; };
		AC5C43AB2840903600BCD35C /* AppDelegate.swift */ = {isa = PBXFileReference; lastKnownFileType = sourcecode.swift; path = AppDelegate.swift; sourceTree = "<group>"; };
		AC5C43AD2840903600BCD35C /* SceneDelegate.swift */ = {isa = PBXFileReference; lastKnownFileType = sourcecode.swift; path = SceneDelegate.swift; sourceTree = "<group>"; };
		AC5C43AF2840903600BCD35C /* ViewController.swift */ = {isa = PBXFileReference; lastKnownFileType = sourcecode.swift; path = ViewController.swift; sourceTree = "<group>"; };
		AC5C43B22840903600BCD35C /* Base */ = {isa = PBXFileReference; lastKnownFileType = file.storyboard; name = Base; path = Base.lproj/Main.storyboard; sourceTree = "<group>"; };
		AC5C43B42840903700BCD35C /* Assets.xcassets */ = {isa = PBXFileReference; lastKnownFileType = folder.assetcatalog; path = Assets.xcassets; sourceTree = "<group>"; };
		AC5C43B72840903700BCD35C /* Base */ = {isa = PBXFileReference; lastKnownFileType = file.storyboard; name = Base; path = Base.lproj/LaunchScreen.storyboard; sourceTree = "<group>"; };
		AC5C43B92840903700BCD35C /* Info.plist */ = {isa = PBXFileReference; lastKnownFileType = text.plist.xml; path = Info.plist; sourceTree = "<group>"; };
		AC5C43BE2840903800BCD35C /* pogodaTests.xctest */ = {isa = PBXFileReference; explicitFileType = wrapper.cfbundle; includeInIndex = 0; path = pogodaTests.xctest; sourceTree = BUILT_PRODUCTS_DIR; };
		AC5C43C22840903800BCD35C /* pogodaTests.swift */ = {isa = PBXFileReference; lastKnownFileType = sourcecode.swift; path = pogodaTests.swift; sourceTree = "<group>"; };
		AC5C43C82840903800BCD35C /* pogodaUITests.xctest */ = {isa = PBXFileReference; explicitFileType = wrapper.cfbundle; includeInIndex = 0; path = pogodaUITests.xctest; sourceTree = BUILT_PRODUCTS_DIR; };
		AC5C43CC2840903800BCD35C /* pogodaUITests.swift */ = {isa = PBXFileReference; lastKnownFileType = sourcecode.swift; path = pogodaUITests.swift; sourceTree = "<group>"; };
		AC5C43CE2840903800BCD35C /* pogodaUITestsLaunchTests.swift */ = {isa = PBXFileReference; lastKnownFileType = sourcecode.swift; path = pogodaUITestsLaunchTests.swift; sourceTree = "<group>"; };
		AC5C43DB2840919000BCD35C /* DataSource.swift */ = {isa = PBXFileReference; fileEncoding = 4; lastKnownFileType = sourcecode.swift; name = DataSource.swift; path = ../../../Downloads/Resources/DataSource.swift; sourceTree = "<group>"; };
		AC5C43DD28409AA000BCD35C /* DataModels.swift */ = {isa = PBXFileReference; lastKnownFileType = sourcecode.swift; path = DataModels.swift; sourceTree = "<group>"; };
/* End PBXFileReference section */

/* Begin PBXFrameworksBuildPhase section */
		AC5C43A52840903600BCD35C /* Frameworks */ = {
			isa = PBXFrameworksBuildPhase;
			buildActionMask = 2147483647;
			files = (
			);
			runOnlyForDeploymentPostprocessing = 0;
		};
		AC5C43BB2840903800BCD35C /* Frameworks */ = {
			isa = PBXFrameworksBuildPhase;
			buildActionMask = 2147483647;
			files = (
			);
			runOnlyForDeploymentPostprocessing = 0;
		};
		AC5C43C52840903800BCD35C /* Frameworks */ = {
			isa = PBXFrameworksBuildPhase;
			buildActionMask = 2147483647;
			files = (
			);
			runOnlyForDeploymentPostprocessing = 0;
		};
/* End PBXFrameworksBuildPhase section */

/* Begin PBXGroup section */
		AC5C439F2840903600BCD35C = {
			isa = PBXGroup;
			children = (
				AC5C43AA2840903600BCD35C /* pogoda */,
				AC5C43C12840903800BCD35C /* pogodaTests */,
				AC5C43CB2840903800BCD35C /* pogodaUITests */,
				AC5C43A92840903600BCD35C /* Products */,
			);
			sourceTree = "<group>";
		};
		AC5C43A92840903600BCD35C /* Products */ = {
			isa = PBXGroup;
			children = (
				AC5C43A82840903600BCD35C /* pogoda.app */,
				AC5C43BE2840903800BCD35C /* pogodaTests.xctest */,
				AC5C43C82840903800BCD35C /* pogodaUITests.xctest */,
			);
			name = Products;
			sourceTree = "<group>";
		};
		AC5C43AA2840903600BCD35C /* pogoda */ = {
			isa = PBXGroup;
			children = (
				AC5C43AB2840903600BCD35C /* AppDelegate.swift */,
				AC5C43AD2840903600BCD35C /* SceneDelegate.swift */,
				AC5C43AF2840903600BCD35C /* ViewController.swift */,
				AC5C43DD28409AA000BCD35C /* DataModels.swift */,
				AC5C43DB2840919000BCD35C /* DataSource.swift */,
				AC5C43B12840903600BCD35C /* Main.storyboard */,
				AC5C43B42840903700BCD35C /* Assets.xcassets */,
				AC5C43B62840903700BCD35C /* LaunchScreen.storyboard */,
				AC5C43B92840903700BCD35C /* Info.plist */,
			);
			path = pogoda;
			sourceTree = "<group>";
		};
		AC5C43C12840903800BCD35C /* pogodaTests */ = {
			isa = PBXGroup;
			children = (
				AC5C43C22840903800BCD35C /* pogodaTests.swift */,
			);
			path = pogodaTests;
			sourceTree = "<group>";
		};
		AC5C43CB2840903800BCD35C /* pogodaUITests */ = {
			isa = PBXGroup;
			children = (
				AC5C43CC2840903800BCD35C /* pogodaUITests.swift */,
				AC5C43CE2840903800BCD35C /* pogodaUITestsLaunchTests.swift */,
			);
			path = pogodaUITests;
			sourceTree = "<group>";
		};
/* End PBXGroup section */

/* Begin PBXNativeTarget section */
		AC5C43A72840903600BCD35C /* pogoda */ = {
			isa = PBXNativeTarget;
			buildConfigurationList = AC5C43D22840903800BCD35C /* Build configuration list for PBXNativeTarget "pogoda" */;
			buildPhases = (
				AC5C43A42840903600BCD35C /* Sources */,
				AC5C43A52840903600BCD35C /* Frameworks */,
				AC5C43A62840903600BCD35C /* Resources */,
			);
			buildRules = (
			);
			dependencies = (
			);
			name = pogoda;
			productName = pogoda;
			productReference = AC5C43A82840903600BCD35C /* pogoda.app */;
			productType = "com.apple.product-type.application";
		};
		AC5C43BD2840903800BCD35C /* pogodaTests */ = {
			isa = PBXNativeTarget;
			buildConfigurationList = AC5C43D52840903800BCD35C /* Build configuration list for PBXNativeTarget "pogodaTests" */;
			buildPhases = (
				AC5C43BA2840903800BCD35C /* Sources */,
				AC5C43BB2840903800BCD35C /* Frameworks */,
				AC5C43BC2840903800BCD35C /* Resources */,
			);
			buildRules = (
			);
			dependencies = (
				AC5C43C02840903800BCD35C /* PBXTargetDependency */,
			);
			name = pogodaTests;
			productName = pogodaTests;
			productReference = AC5C43BE2840903800BCD35C /* pogodaTests.xctest */;
			productType = "com.apple.product-type.bundle.unit-test";
		};
		AC5C43C72840903800BCD35C /* pogodaUITests */ = {
			isa = PBXNativeTarget;
			buildConfigurationList = AC5C43D82840903800BCD35C /* Build configuration list for PBXNativeTarget "pogodaUITests" */;
			buildPhases = (
				AC5C43C42840903800BCD35C /* Sources */,
				AC5C43C52840903800BCD35C /* Frameworks */,
				AC5C43C62840903800BCD35C /* Resources */,
			);
			buildRules = (
			);
			dependencies = (
				AC5C43CA2840903800BCD35C /* PBXTargetDependency */,
			);
			name = pogodaUITests;
			productName = pogodaUITests;
			productReference = AC5C43C82840903800BCD35C /* pogodaUITests.xctest */;
			productType = "com.apple.product-type.bundle.ui-testing";
		};
/* End PBXNativeTarget section */

/* Begin PBXProject section */
		AC5C43A02840903600BCD35C /* Project object */ = {
			isa = PBXProject;
			attributes = {
				BuildIndependentTargetsInParallel = 1;
				LastSwiftUpdateCheck = 1320;
				LastUpgradeCheck = 1320;
				TargetAttributes = {
					AC5C43A72840903600BCD35C = {
						CreatedOnToolsVersion = 13.2.1;
					};
					AC5C43BD2840903800BCD35C = {
						CreatedOnToolsVersion = 13.2.1;
						TestTargetID = AC5C43A72840903600BCD35C;
					};
					AC5C43C72840903800BCD35C = {
						CreatedOnToolsVersion = 13.2.1;
						TestTargetID = AC5C43A72840903600BCD35C;
					};
				};
			};
			buildConfigurationList = AC5C43A32840903600BCD35C /* Build configuration list for PBXProject "pogoda" */;
			compatibilityVersion = "Xcode 13.0";
			developmentRegion = en;
			hasScannedForEncodings = 0;
			knownRegions = (
				en,
				Base,
			);
			mainGroup = AC5C439F2840903600BCD35C;
			productRefGroup = AC5C43A92840903600BCD35C /* Products */;
			projectDirPath = "";
			projectRoot = "";
			targets = (
				AC5C43A72840903600BCD35C /* pogoda */,
				AC5C43BD2840903800BCD35C /* pogodaTests */,
				AC5C43C72840903800BCD35C /* pogodaUITests */,
			);
		};
/* End PBXProject section */

/* Begin PBXResourcesBuildPhase section */
		AC5C43A62840903600BCD35C /* Resources */ = {
			isa = PBXResourcesBuildPhase;
			buildActionMask = 2147483647;
			files = (
				AC5C43B82840903700BCD35C /* LaunchScreen.storyboard in Resources */,
				AC5C43B52840903700BCD35C /* Assets.xcassets in Resources */,
				AC5C43B32840903600BCD35C /* Main.storyboard in Resources */,
			);
			runOnlyForDeploymentPostprocessing = 0;
		};
		AC5C43BC2840903800BCD35C /* Resources */ = {
			isa = PBXResourcesBuildPhase;
			buildActionMask = 2147483647;
			files = (
			);
			runOnlyForDeploymentPostprocessing = 0;
		};
		AC5C43C62840903800BCD35C /* Resources */ = {
			isa = PBXResourcesBuildPhase;
			buildActionMask = 2147483647;
			files = (
			);
			runOnlyForDeploymentPostprocessing = 0;
		};
/* End PBXResourcesBuildPhase section */

/* Begin PBXSourcesBuildPhase section */
		AC5C43A42840903600BCD35C /* Sources */ = {
			isa = PBXSourcesBuildPhase;
			buildActionMask = 2147483647;
			files = (
				AC5C44212840AB3C00BCD35C /* ViewController.swift in Sources */,
				AC5C43DE28409AA000BCD35C /* DataModels.swift in Sources */,
				AC5C43DC2840919000BCD35C /* DataSource.swift in Sources */,
				AC5C44242840AFE900BCD35C /* AppDelegate.swift in Sources */,
				AC5C43AE2840903600BCD35C /* SceneDelegate.swift in Sources */,
			);
			runOnlyForDeploymentPostprocessing = 0;
		};
		AC5C43BA2840903800BCD35C /* Sources */ = {
			isa = PBXSourcesBuildPhase;
			buildActionMask = 2147483647;
			files = (
				AC5C43C32840903800BCD35C /* pogodaTests.swift in Sources */,
			);
			runOnlyForDeploymentPostprocessing = 0;
		};
		AC5C43C42840903800BCD35C /* Sources */ = {
			isa = PBXSourcesBuildPhase;
			buildActionMask = 2147483647;
			files = (
				AC5C43CF2840903800BCD35C /* pogodaUITestsLaunchTests.swift in Sources */,
				AC5C43CD2840903800BCD35C /* pogodaUITests.swift in Sources */,
			);
			runOnlyForDeploymentPostprocessing = 0;
		};
/* End PBXSourcesBuildPhase section */

/* Begin PBXTargetDependency section */
		AC5C43C02840903800BCD35C /* PBXTargetDependency */ = {
			isa = PBXTargetDependency;
			target = AC5C43A72840903600BCD35C /* pogoda */;
			targetProxy = AC5C43BF2840903800BCD35C /* PBXContainerItemProxy */;
		};
		AC5C43CA2840903800BCD35C /* PBXTargetDependency */ = {
			isa = PBXTargetDependency;
			target = AC5C43A72840903600BCD35C /* pogoda */;
			targetProxy = AC5C43C92840903800BCD35C /* PBXContainerItemProxy */;
		};
/* End PBXTargetDependency section */

/* Begin PBXVariantGroup section */
		AC5C43B12840903600BCD35C /* Main.storyboard */ = {
			isa = PBXVariantGroup;
			children = (
				AC5C43B22840903600BCD35C /* Base */,
			);
			name = Main.storyboard;
			sourceTree = "<group>";
		};
		AC5C43B62840903700BCD35C /* LaunchScreen.storyboard */ = {
			isa = PBXVariantGroup;
			children = (
				AC5C43B72840903700BCD35C /* Base */,
			);
			name = LaunchScreen.storyboard;
			sourceTree = "<group>";
		};
/* End PBXVariantGroup section */

/* Begin XCBuildConfiguration section */
		AC5C43D02840903800BCD35C /* Debug */ = {
			isa = XCBuildConfiguration;
			buildSettings = {
				ALWAYS_SEARCH_USER_PATHS = NO;
				CLANG_ANALYZER_NONNULL = YES;
				CLANG_ANALYZER_NUMBER_OBJECT_CONVERSION = YES_AGGRESSIVE;
				CLANG_CXX_LANGUAGE_STANDARD = "gnu++17";
				CLANG_CXX_LIBRARY = "libc++";
				CLANG_ENABLE_MODULES = YES;
				CLANG_ENABLE_OBJC_ARC = YES;
				CLANG_ENABLE_OBJC_WEAK = YES;
				CLANG_WARN_BLOCK_CAPTURE_AUTORELEASING = YES;
				CLANG_WARN_BOOL_CONVERSION = YES;
				CLANG_WARN_COMMA = YES;
				CLANG_WARN_CONSTANT_CONVERSION = YES;
				CLANG_WARN_DEPRECATED_OBJC_IMPLEMENTATIONS = YES;
				CLANG_WARN_DIRECT_OBJC_ISA_USAGE = YES_ERROR;
				CLANG_WARN_DOCUMENTATION_COMMENTS = YES;
				CLANG_WARN_EMPTY_BODY = YES;
				CLANG_WARN_ENUM_CONVERSION = YES;
				CLANG_WARN_INFINITE_RECURSION = YES;
				CLANG_WARN_INT_CONVERSION = YES;
				CLANG_WARN_NON_LITERAL_NULL_CONVERSION = YES;
				CLANG_WARN_OBJC_IMPLICIT_RETAIN_SELF = YES;
				CLANG_WARN_OBJC_LITERAL_CONVERSION = YES;
				CLANG_WARN_OBJC_ROOT_CLASS = YES_ERROR;
				CLANG_WARN_QUOTED_INCLUDE_IN_FRAMEWORK_HEADER = YES;
				CLANG_WARN_RANGE_LOOP_ANALYSIS = YES;
				CLANG_WARN_STRICT_PROTOTYPES = YES;
				CLANG_WARN_SUSPICIOUS_MOVE = YES;
				CLANG_WARN_UNGUARDED_AVAILABILITY = YES_AGGRESSIVE;
				CLANG_WARN_UNREACHABLE_CODE = YES;
				CLANG_WARN__DUPLICATE_METHOD_MATCH = YES;
				COPY_PHASE_STRIP = NO;
				DEBUG_INFORMATION_FORMAT = dwarf;
				ENABLE_STRICT_OBJC_MSGSEND = YES;
				ENABLE_TESTABILITY = YES;
				GCC_C_LANGUAGE_STANDARD = gnu11;
				GCC_DYNAMIC_NO_PIC = NO;
				GCC_NO_COMMON_BLOCKS = YES;
				GCC_OPTIMIZATION_LEVEL = 0;
				GCC_PREPROCESSOR_DEFINITIONS = (
					"DEBUG=1",
					"$(inherited)",
				);
				GCC_WARN_64_TO_32_BIT_CONVERSION = YES;
				GCC_WARN_ABOUT_RETURN_TYPE = YES_ERROR;
				GCC_WARN_UNDECLARED_SELECTOR = YES;
				GCC_WARN_UNINITIALIZED_AUTOS = YES_AGGRESSIVE;
				GCC_WARN_UNUSED_FUNCTION = YES;
				GCC_WARN_UNUSED_VARIABLE = YES;
				IPHONEOS_DEPLOYMENT_TARGET = 15.2;
				MTL_ENABLE_DEBUG_INFO = INCLUDE_SOURCE;
				MTL_FAST_MATH = YES;
				ONLY_ACTIVE_ARCH = YES;
				SDKROOT = iphoneos;
				SWIFT_ACTIVE_COMPILATION_CONDITIONS = DEBUG;
				SWIFT_OPTIMIZATION_LEVEL = "-Onone";
			};
			name = Debug;
		};
		AC5C43D12840903800BCD35C /* Release */ = {
			isa = XCBuildConfiguration;
			buildSettings = {
				ALWAYS_SEARCH_USER_PATHS = NO;
				CLANG_ANALYZER_NONNULL = YES;
				CLANG_ANALYZER_NUMBER_OBJECT_CONVERSION = YES_AGGRESSIVE;
				CLANG_CXX_LANGUAGE_STANDARD = "gnu++17";
				CLANG_CXX_LIBRARY = "libc++";
				CLANG_ENABLE_MODULES = YES;
				CLANG_ENABLE_OBJC_ARC = YES;
				CLANG_ENABLE_OBJC_WEAK = YES;
				CLANG_WARN_BLOCK_CAPTURE_AUTORELEASING = YES;
				CLANG_WARN_BOOL_CONVERSION = YES;
				CLANG_WARN_COMMA = YES;
				CLANG_WARN_CONSTANT_CONVERSION = YES;
				CLANG_WARN_DEPRECATED_OBJC_IMPLEMENTATIONS = YES;
				CLANG_WARN_DIRECT_OBJC_ISA_USAGE = YES_ERROR;
				CLANG_WARN_DOCUMENTATION_COMMENTS = YES;
				CLANG_WARN_EMPTY_BODY = YES;
				CLANG_WARN_ENUM_CONVERSION = YES;
				CLANG_WARN_INFINITE_RECURSION = YES;
				CLANG_WARN_INT_CONVERSION = YES;
				CLANG_WARN_NON_LITERAL_NULL_CONVERSION = YES;
				CLANG_WARN_OBJC_IMPLICIT_RETAIN_SELF = YES;
				CLANG_WARN_OBJC_LITERAL_CONVERSION = YES;
				CLANG_WARN_OBJC_ROOT_CLASS = YES_ERROR;
				CLANG_WARN_QUOTED_INCLUDE_IN_FRAMEWORK_HEADER = YES;
				CLANG_WARN_RANGE_LOOP_ANALYSIS = YES;
				CLANG_WARN_STRICT_PROTOTYPES = YES;
				CLANG_WARN_SUSPICIOUS_MOVE = YES;
				CLANG_WARN_UNGUARDED_AVAILABILITY = YES_AGGRESSIVE;
				CLANG_WARN_UNREACHABLE_CODE = YES;
				CLANG_WARN__DUPLICATE_METHOD_MATCH = YES;
				COPY_PHASE_STRIP = NO;
				DEBUG_INFORMATION_FORMAT = "dwarf-with-dsym";
				ENABLE_NS_ASSERTIONS = NO;
				ENABLE_STRICT_OBJC_MSGSEND = YES;
				GCC_C_LANGUAGE_STANDARD = gnu11;
				GCC_NO_COMMON_BLOCKS = YES;
				GCC_WARN_64_TO_32_BIT_CONVERSION = YES;
				GCC_WARN_ABOUT_RETURN_TYPE = YES_ERROR;
				GCC_WARN_UNDECLARED_SELECTOR = YES;
				GCC_WARN_UNINITIALIZED_AUTOS = YES_AGGRESSIVE;
				GCC_WARN_UNUSED_FUNCTION = YES;
				GCC_WARN_UNUSED_VARIABLE = YES;
				IPHONEOS_DEPLOYMENT_TARGET = 15.2;
				MTL_ENABLE_DEBUG_INFO = NO;
				MTL_FAST_MATH = YES;
				SDKROOT = iphoneos;
				SWIFT_COMPILATION_MODE = wholemodule;
				SWIFT_OPTIMIZATION_LEVEL = "-O";
				VALIDATE_PRODUCT = YES;
			};
			name = Release;
		};
		AC5C43D32840903800BCD35C /* Debug */ = {
			isa = XCBuildConfiguration;
			buildSettings = {
				ASSETCATALOG_COMPILER_APPICON_NAME = AppIcon;
				ASSETCATALOG_COMPILER_GLOBAL_ACCENT_COLOR_NAME = AccentColor;
				CODE_SIGN_STYLE = Automatic;
				CURRENT_PROJECT_VERSION = 1;
				GENERATE_INFOPLIST_FILE = YES;
				INFOPLIST_FILE = pogoda/Info.plist;
				INFOPLIST_KEY_UIApplicationSupportsIndirectInputEvents = YES;
				INFOPLIST_KEY_UILaunchStoryboardName = LaunchScreen;
				INFOPLIST_KEY_UIMainStoryboardFile = Main;
				INFOPLIST_KEY_UISupportedInterfaceOrientations_iPad = "UIInterfaceOrientationPortrait UIInterfaceOrientationPortraitUpsideDown UIInterfaceOrientationLandscapeLeft UIInterfaceOrientationLandscapeRight";
				INFOPLIST_KEY_UISupportedInterfaceOrientations_iPhone = "UIInterfaceOrientationPortrait UIInterfaceOrientationLandscapeLeft UIInterfaceOrientationLandscapeRight";
				LD_RUNPATH_SEARCH_PATHS = (
					"$(inherited)",
					"@executable_path/Frameworks",
				);
				MARKETING_VERSION = 1.0;
				PRODUCT_BUNDLE_IDENTIFIER = yakse.pogoda;
				PRODUCT_NAME = "$(TARGET_NAME)";
				SWIFT_EMIT_LOC_STRINGS = YES;
				SWIFT_VERSION = 5.0;
				TARGETED_DEVICE_FAMILY = "1,2";
			};
			name = Debug;
		};
		AC5C43D42840903800BCD35C /* Release */ = {
			isa = XCBuildConfiguration;
			buildSettings = {
				ASSETCATALOG_COMPILER_APPICON_NAME = AppIcon;
				ASSETCATALOG_COMPILER_GLOBAL_ACCENT_COLOR_NAME = AccentColor;
				CODE_SIGN_STYLE = Automatic;
				CURRENT_PROJECT_VERSION = 1;
				GENERATE_INFOPLIST_FILE = YES;
				INFOPLIST_FILE = pogoda/Info.plist;
				INFOPLIST_KEY_UIApplicationSupportsIndirectInputEvents = YES;
				INFOPLIST_KEY_UILaunchStoryboardName = LaunchScreen;
				INFOPLIST_KEY_UIMainStoryboardFile = Main;
				INFOPLIST_KEY_UISupportedInterfaceOrientations_iPad = "UIInterfaceOrientationPortrait UIInterfaceOrientationPortraitUpsideDown UIInterfaceOrientationLandscapeLeft UIInterfaceOrientationLandscapeRight";
				INFOPLIST_KEY_UISupportedInterfaceOrientations_iPhone = "UIInterfaceOrientationPortrait UIInterfaceOrientationLandscapeLeft UIInterfaceOrientationLandscapeRight";
				LD_RUNPATH_SEARCH_PATHS = (
					"$(inherited)",
					"@executable_path/Frameworks",
				);
				MARKETING_VERSION = 1.0;
				PRODUCT_BUNDLE_IDENTIFIER = yakse.pogoda;
				PRODUCT_NAME = "$(TARGET_NAME)";
				SWIFT_EMIT_LOC_STRINGS = YES;
				SWIFT_VERSION = 5.0;
				TARGETED_DEVICE_FAMILY = "1,2";
			};
			name = Release;
		};
		AC5C43D62840903800BCD35C /* Debug */ = {
			isa = XCBuildConfiguration;
			buildSettings = {
				ALWAYS_EMBED_SWIFT_STANDARD_LIBRARIES = YES;
				BUNDLE_LOADER = "$(TEST_HOST)";
				CODE_SIGN_STYLE = Automatic;
				CURRENT_PROJECT_VERSION = 1;
				GENERATE_INFOPLIST_FILE = YES;
				IPHONEOS_DEPLOYMENT_TARGET = 15.2;
				MARKETING_VERSION = 1.0;
				PRODUCT_BUNDLE_IDENTIFIER = yakse.pogodaTests;
				PRODUCT_NAME = "$(TARGET_NAME)";
				SWIFT_EMIT_LOC_STRINGS = NO;
				SWIFT_VERSION = 5.0;
				TARGETED_DEVICE_FAMILY = "1,2";
				TEST_HOST = "$(BUILT_PRODUCTS_DIR)/pogoda.app/pogoda";
			};
			name = Debug;
		};
		AC5C43D72840903800BCD35C /* Release */ = {
			isa = XCBuildConfiguration;
			buildSettings = {
				ALWAYS_EMBED_SWIFT_STANDARD_LIBRARIES = YES;
				BUNDLE_LOADER = "$(TEST_HOST)";
				CODE_SIGN_STYLE = Automatic;
				CURRENT_PROJECT_VERSION = 1;
				GENERATE_INFOPLIST_FILE = YES;
				IPHONEOS_DEPLOYMENT_TARGET = 15.2;
				MARKETING_VERSION = 1.0;
				PRODUCT_BUNDLE_IDENTIFIER = yakse.pogodaTests;
				PRODUCT_NAME = "$(TARGET_NAME)";
				SWIFT_EMIT_LOC_STRINGS = NO;
				SWIFT_VERSION = 5.0;
				TARGETED_DEVICE_FAMILY = "1,2";
				TEST_HOST = "$(BUILT_PRODUCTS_DIR)/pogoda.app/pogoda";
			};
			name = Release;
		};
		AC5C43D92840903800BCD35C /* Debug */ = {
			isa = XCBuildConfiguration;
			buildSettings = {
				ALWAYS_EMBED_SWIFT_STANDARD_LIBRARIES = YES;
				CODE_SIGN_STYLE = Automatic;
				CURRENT_PROJECT_VERSION = 1;
				GENERATE_INFOPLIST_FILE = YES;
				MARKETING_VERSION = 1.0;
				PRODUCT_BUNDLE_IDENTIFIER = yakse.pogodaUITests;
				PRODUCT_NAME = "$(TARGET_NAME)";
				SWIFT_EMIT_LOC_STRINGS = NO;
				SWIFT_VERSION = 5.0;
				TARGETED_DEVICE_FAMILY = "1,2";
				TEST_TARGET_NAME = pogoda;
			};
			name = Debug;
		};
		AC5C43DA2840903800BCD35C /* Release */ = {
			isa = XCBuildConfiguration;
			buildSettings = {
				ALWAYS_EMBED_SWIFT_STANDARD_LIBRARIES = YES;
				CODE_SIGN_STYLE = Automatic;
				CURRENT_PROJECT_VERSION = 1;
				GENERATE_INFOPLIST_FILE = YES;
				MARKETING_VERSION = 1.0;
				PRODUCT_BUNDLE_IDENTIFIER = yakse.pogodaUITests;
				PRODUCT_NAME = "$(TARGET_NAME)";
				SWIFT_EMIT_LOC_STRINGS = NO;
				SWIFT_VERSION = 5.0;
				TARGETED_DEVICE_FAMILY = "1,2";
				TEST_TARGET_NAME = pogoda;
			};
			name = Release;
		};
/* End XCBuildConfiguration section */

/* Begin XCConfigurationList section */
		AC5C43A32840903600BCD35C /* Build configuration list for PBXProject "pogoda" */ = {
			isa = XCConfigurationList;
			buildConfigurations = (
				AC5C43D02840903800BCD35C /* Debug */,
				AC5C43D12840903800BCD35C /* Release */,
			);
			defaultConfigurationIsVisible = 0;
			defaultConfigurationName = Release;
		};
		AC5C43D22840903800BCD35C /* Build configuration list for PBXNativeTarget "pogoda" */ = {
			isa = XCConfigurationList;
			buildConfigurations = (
				AC5C43D32840903800BCD35C /* Debug */,
				AC5C43D42840903800BCD35C /* Release */,
			);
			defaultConfigurationIsVisible = 0;
			defaultConfigurationName = Release;
		};
		AC5C43D52840903800BCD35C /* Build configuration list for PBXNativeTarget "pogodaTests" */ = {
			isa = XCConfigurationList;
			buildConfigurations = (
				AC5C43D62840903800BCD35C /* Debug */,
				AC5C43D72840903800BCD35C /* Release */,
			);
			defaultConfigurationIsVisible = 0;
			defaultConfigurationName = Release;
		};
		AC5C43D82840903800BCD35C /* Build configuration list for PBXNativeTarget "pogodaUITests" */ = {
			isa = XCConfigurationList;
			buildConfigurations = (
				AC5C43D92840903800BCD35C /* Debug */,
				AC5C43DA2840903800BCD35C /* Release */,
			);
			defaultConfigurationIsVisible = 0;
			defaultConfigurationName = Release;
		};
/* End XCConfigurationList section */
	};
	rootObject = AC5C43A02840903600BCD35C /* Project object */;
}
